// !$*UTF8*$!
{
	archiveVersion = 1;
	classes = {
	};
	objectVersion = 50;
	objects = {

/* Begin PBXBuildFile section */
		DD7B996CA3D0698B6ED65069 /* Pods_Swift_Todo.framework in Frameworks */ = {isa = PBXBuildFile; fileRef = 4838A68831531924D68B2D70 /* Pods_Swift_Todo.framework */; };
		FFF641EB21AB05B100B316F9 /* AppDelegate.swift in Sources */ = {isa = PBXBuildFile; fileRef = FFF641EA21AB05B100B316F9 /* AppDelegate.swift */; };
		FFF641ED21AB05B100B316F9 /* TodoListViewController.swift in Sources */ = {isa = PBXBuildFile; fileRef = FFF641EC21AB05B100B316F9 /* TodoListViewController.swift */; };
		FFF641F021AB05B200B316F9 /* Main.storyboard in Resources */ = {isa = PBXBuildFile; fileRef = FFF641EE21AB05B200B316F9 /* Main.storyboard */; };
		FFF641F221AB05B300B316F9 /* Assets.xcassets in Resources */ = {isa = PBXBuildFile; fileRef = FFF641F121AB05B300B316F9 /* Assets.xcassets */; };
		FFF641F521AB05B300B316F9 /* LaunchScreen.storyboard in Resources */ = {isa = PBXBuildFile; fileRef = FFF641F321AB05B300B316F9 /* LaunchScreen.storyboard */; };
		FFF6422721ACF4BD00B316F9 /* CategoryViewController.swift in Sources */ = {isa = PBXBuildFile; fileRef = FFF6422621ACF4BD00B316F9 /* CategoryViewController.swift */; };
		FFF6422B21AD078E00B316F9 /* Item.swift in Sources */ = {isa = PBXBuildFile; fileRef = FFF6422A21AD078E00B316F9 /* Item.swift */; };
		FFF6422D21AD079700B316F9 /* Category.swift in Sources */ = {isa = PBXBuildFile; fileRef = FFF6422C21AD079700B316F9 /* Category.swift */; };
		FFF6422F21AD8FFE00B316F9 /* SwipeTableViewController.swift in Sources */ = {isa = PBXBuildFile; fileRef = FFF6422E21AD8FFD00B316F9 /* SwipeTableViewController.swift */; };
/* End PBXBuildFile section */

/* Begin PBXFileReference section */
		461A3E05177C2EF585D8996E /* Pods-Swift-Todo.debug.xcconfig */ = {isa = PBXFileReference; includeInIndex = 1; lastKnownFileType = text.xcconfig; name = "Pods-Swift-Todo.debug.xcconfig"; path = "Pods/Target Support Files/Pods-Swift-Todo/Pods-Swift-Todo.debug.xcconfig"; sourceTree = "<group>"; };
		4838A68831531924D68B2D70 /* Pods_Swift_Todo.framework */ = {isa = PBXFileReference; explicitFileType = wrapper.framework; includeInIndex = 0; path = Pods_Swift_Todo.framework; sourceTree = BUILT_PRODUCTS_DIR; };
		6C421A2AA6B281F1729A86ED /* Pods-Swift-Todo.release.xcconfig */ = {isa = PBXFileReference; includeInIndex = 1; lastKnownFileType = text.xcconfig; name = "Pods-Swift-Todo.release.xcconfig"; path = "Pods/Target Support Files/Pods-Swift-Todo/Pods-Swift-Todo.release.xcconfig"; sourceTree = "<group>"; };
		FFF641E721AB05B100B316F9 /* Swift-Todo.app */ = {isa = PBXFileReference; explicitFileType = wrapper.application; includeInIndex = 0; path = "Swift-Todo.app"; sourceTree = BUILT_PRODUCTS_DIR; };
		FFF641EA21AB05B100B316F9 /* AppDelegate.swift */ = {isa = PBXFileReference; lastKnownFileType = sourcecode.swift; path = AppDelegate.swift; sourceTree = "<group>"; };
		FFF641EC21AB05B100B316F9 /* TodoListViewController.swift */ = {isa = PBXFileReference; lastKnownFileType = sourcecode.swift; path = TodoListViewController.swift; sourceTree = "<group>"; };
		FFF641EF21AB05B200B316F9 /* Base */ = {isa = PBXFileReference; lastKnownFileType = file.storyboard; name = Base; path = Base.lproj/Main.storyboard; sourceTree = "<group>"; };
		FFF641F121AB05B300B316F9 /* Assets.xcassets */ = {isa = PBXFileReference; lastKnownFileType = folder.assetcatalog; path = Assets.xcassets; sourceTree = "<group>"; };
		FFF641F421AB05B300B316F9 /* Base */ = {isa = PBXFileReference; lastKnownFileType = file.storyboard; name = Base; path = Base.lproj/LaunchScreen.storyboard; sourceTree = "<group>"; };
		FFF641F621AB05B300B316F9 /* Info.plist */ = {isa = PBXFileReference; lastKnownFileType = text.plist.xml; path = Info.plist; sourceTree = "<group>"; };
		FFF6422621ACF4BD00B316F9 /* CategoryViewController.swift */ = {isa = PBXFileReference; lastKnownFileType = sourcecode.swift; path = CategoryViewController.swift; sourceTree = "<group>"; };
		FFF6422A21AD078E00B316F9 /* Item.swift */ = {isa = PBXFileReference; lastKnownFileType = sourcecode.swift; path = Item.swift; sourceTree = "<group>"; };
		FFF6422C21AD079700B316F9 /* Category.swift */ = {isa = PBXFileReference; lastKnownFileType = sourcecode.swift; path = Category.swift; sourceTree = "<group>"; };
		FFF6422E21AD8FFD00B316F9 /* SwipeTableViewController.swift */ = {isa = PBXFileReference; lastKnownFileType = sourcecode.swift; path = SwipeTableViewController.swift; sourceTree = "<group>"; };
/* End PBXFileReference section */

/* Begin PBXFrameworksBuildPhase section */
		FFF641E421AB05B100B316F9 /* Frameworks */ = {
			isa = PBXFrameworksBuildPhase;
			buildActionMask = 2147483647;
			files = (
				DD7B996CA3D0698B6ED65069 /* Pods_Swift_Todo.framework in Frameworks */,
			);
			runOnlyForDeploymentPostprocessing = 0;
		};
/* End PBXFrameworksBuildPhase section */

/* Begin PBXGroup section */
		759B2F553F2FFABC2EF7C62F /* Frameworks */ = {
			isa = PBXGroup;
			children = (
				4838A68831531924D68B2D70 /* Pods_Swift_Todo.framework */,
			);
			name = Frameworks;
			sourceTree = "<group>";
		};
		D8BF76C92E337D36B6658CEF /* Pods */ = {
			isa = PBXGroup;
			children = (
				461A3E05177C2EF585D8996E /* Pods-Swift-Todo.debug.xcconfig */,
				6C421A2AA6B281F1729A86ED /* Pods-Swift-Todo.release.xcconfig */,
			);
			name = Pods;
			sourceTree = "<group>";
		};
		FFF641DE21AB05B100B316F9 = {
			isa = PBXGroup;
			children = (
				FFF641E921AB05B100B316F9 /* Swift-Todo */,
				FFF641E821AB05B100B316F9 /* Products */,
				D8BF76C92E337D36B6658CEF /* Pods */,
				759B2F553F2FFABC2EF7C62F /* Frameworks */,
			);
			sourceTree = "<group>";
		};
		FFF641E821AB05B100B316F9 /* Products */ = {
			isa = PBXGroup;
			children = (
				FFF641E721AB05B100B316F9 /* Swift-Todo.app */,
			);
			name = Products;
			sourceTree = "<group>";
		};
		FFF641E921AB05B100B316F9 /* Swift-Todo */ = {
			isa = PBXGroup;
			children = (
				FFF641EA21AB05B100B316F9 /* AppDelegate.swift */,
				FFF6420021AB1A5100B316F9 /* Views */,
				FFF641FF21AB1A4300B316F9 /* Controllers */,
				FFF641FE21AB1A2600B316F9 /* Data Model */,
				FFF6420121AB1A7700B316F9 /* Supporting Files */,
				FFF641F621AB05B300B316F9 /* Info.plist */,
			);
			path = "Swift-Todo";
			sourceTree = "<group>";
		};
		FFF641FE21AB1A2600B316F9 /* Data Model */ = {
			isa = PBXGroup;
			children = (
				FFF6422C21AD079700B316F9 /* Category.swift */,
				FFF6422A21AD078E00B316F9 /* Item.swift */,
			);
			path = "Data Model";
			sourceTree = "<group>";
		};
		FFF641FF21AB1A4300B316F9 /* Controllers */ = {
			isa = PBXGroup;
			children = (
				FFF6422E21AD8FFD00B316F9 /* SwipeTableViewController.swift */,
				FFF6422621ACF4BD00B316F9 /* CategoryViewController.swift */,
				FFF641EC21AB05B100B316F9 /* TodoListViewController.swift */,
			);
			path = Controllers;
			sourceTree = "<group>";
		};
		FFF6420021AB1A5100B316F9 /* Views */ = {
			isa = PBXGroup;
			children = (
				FFF641EE21AB05B200B316F9 /* Main.storyboard */,
			);
			path = Views;
			sourceTree = "<group>";
		};
		FFF6420121AB1A7700B316F9 /* Supporting Files */ = {
			isa = PBXGroup;
			children = (
				FFF641F321AB05B300B316F9 /* LaunchScreen.storyboard */,
				FFF641F121AB05B300B316F9 /* Assets.xcassets */,
			);
			path = "Supporting Files";
			sourceTree = "<group>";
		};
/* End PBXGroup section */

/* Begin PBXNativeTarget section */
		FFF641E621AB05B100B316F9 /* Swift-Todo */ = {
			isa = PBXNativeTarget;
			buildConfigurationList = FFF641F921AB05B300B316F9 /* Build configuration list for PBXNativeTarget "Swift-Todo" */;
			buildPhases = (
				590FDFD5E9EF722CCC7EFAF6 /* [CP] Check Pods Manifest.lock */,
				FFF641E321AB05B100B316F9 /* Sources */,
				FFF641E421AB05B100B316F9 /* Frameworks */,
				FFF641E521AB05B100B316F9 /* Resources */,
				581E3D45C37CB77CA4B73110 /* [CP] Embed Pods Frameworks */,
			);
			buildRules = (
			);
			dependencies = (
			);
			name = "Swift-Todo";
			productName = "Swift-Todo";
			productReference = FFF641E721AB05B100B316F9 /* Swift-Todo.app */;
			productType = "com.apple.product-type.application";
		};
/* End PBXNativeTarget section */

/* Begin PBXProject section */
		FFF641DF21AB05B100B316F9 /* Project object */ = {
			isa = PBXProject;
			attributes = {
				LastSwiftUpdateCheck = 1010;
				LastUpgradeCheck = 1010;
				ORGANIZATIONNAME = "Campos Swift Tutorials";
				TargetAttributes = {
					FFF641E621AB05B100B316F9 = {
						CreatedOnToolsVersion = 10.1;
					};
				};
			};
			buildConfigurationList = FFF641E221AB05B100B316F9 /* Build configuration list for PBXProject "Swift-Todo" */;
			compatibilityVersion = "Xcode 9.3";
			developmentRegion = en;
			hasScannedForEncodings = 0;
			knownRegions = (
				en,
				Base,
			);
			mainGroup = FFF641DE21AB05B100B316F9;
			productRefGroup = FFF641E821AB05B100B316F9 /* Products */;
			projectDirPath = "";
			projectRoot = "";
			targets = (
				FFF641E621AB05B100B316F9 /* Swift-Todo */,
			);
		};
/* End PBXProject section */

/* Begin PBXResourcesBuildPhase section */
		FFF641E521AB05B100B316F9 /* Resources */ = {
			isa = PBXResourcesBuildPhase;
			buildActionMask = 2147483647;
			files = (
				FFF641F521AB05B300B316F9 /* LaunchScreen.storyboard in Resources */,
				FFF641F221AB05B300B316F9 /* Assets.xcassets in Resources */,
				FFF641F021AB05B200B316F9 /* Main.storyboard in Resources */,
			);
			runOnlyForDeploymentPostprocessing = 0;
		};
/* End PBXResourcesBuildPhase section */

/* Begin PBXShellScriptBuildPhase section */
		581E3D45C37CB77CA4B73110 /* [CP] Embed Pods Frameworks */ = {
			isa = PBXShellScriptBuildPhase;
			buildActionMask = 2147483647;
			files = (
			);
			inputFileListPaths = (
			);
			inputPaths = (
				"${SRCROOT}/Pods/Target Support Files/Pods-Swift-Todo/Pods-Swift-Todo-frameworks.sh",
				"${BUILT_PRODUCTS_DIR}/ChameleonFramework/ChameleonFramework.framework",
				"${BUILT_PRODUCTS_DIR}/Realm/Realm.framework",
				"${BUILT_PRODUCTS_DIR}/RealmSwift/RealmSwift.framework",
				"${BUILT_PRODUCTS_DIR}/SwipeCellKit/SwipeCellKit.framework",
			);
			name = "[CP] Embed Pods Frameworks";
			outputFileListPaths = (
			);
			outputPaths = (
				"${TARGET_BUILD_DIR}/${FRAMEWORKS_FOLDER_PATH}/ChameleonFramework.framework",
				"${TARGET_BUILD_DIR}/${FRAMEWORKS_FOLDER_PATH}/Realm.framework",
				"${TARGET_BUILD_DIR}/${FRAMEWORKS_FOLDER_PATH}/RealmSwift.framework",
				"${TARGET_BUILD_DIR}/${FRAMEWORKS_FOLDER_PATH}/SwipeCellKit.framework",
			);
			runOnlyForDeploymentPostprocessing = 0;
			shellPath = /bin/sh;
			shellScript = "\"${SRCROOT}/Pods/Target Support Files/Pods-Swift-Todo/Pods-Swift-Todo-frameworks.sh\"\n";
			showEnvVarsInLog = 0;
		};
		590FDFD5E9EF722CCC7EFAF6 /* [CP] Check Pods Manifest.lock */ = {
			isa = PBXShellScriptBuildPhase;
			buildActionMask = 2147483647;
			files = (
			);
			inputFileListPaths = (
			);
			inputPaths = (
				"${PODS_PODFILE_DIR_PATH}/Podfile.lock",
				"${PODS_ROOT}/Manifest.lock",
			);
			name = "[CP] Check Pods Manifest.lock";
			outputFileListPaths = (
			);
			outputPaths = (
				"$(DERIVED_FILE_DIR)/Pods-Swift-Todo-checkManifestLockResult.txt",
			);
			runOnlyForDeploymentPostprocessing = 0;
			shellPath = /bin/sh;
			shellScript = "diff \"${PODS_PODFILE_DIR_PATH}/Podfile.lock\" \"${PODS_ROOT}/Manifest.lock\" > /dev/null\nif [ $? != 0 ] ; then\n    # print error to STDERR\n    echo \"error: The sandbox is not in sync with the Podfile.lock. Run 'pod install' or update your CocoaPods installation.\" >&2\n    exit 1\nfi\n# This output is used by Xcode 'outputs' to avoid re-running this script phase.\necho \"SUCCESS\" > \"${SCRIPT_OUTPUT_FILE_0}\"\n";
			showEnvVarsInLog = 0;
		};
/* End PBXShellScriptBuildPhase section */

/* Begin PBXSourcesBuildPhase section */
		FFF641E321AB05B100B316F9 /* Sources */ = {
			isa = PBXSourcesBuildPhase;
			buildActionMask = 2147483647;
			files = (
				FFF6422B21AD078E00B316F9 /* Item.swift in Sources */,
				FFF6422721ACF4BD00B316F9 /* CategoryViewController.swift in Sources */,
				FFF641ED21AB05B100B316F9 /* TodoListViewController.swift in Sources */,
				FFF641EB21AB05B100B316F9 /* AppDelegate.swift in Sources */,
				FFF6422F21AD8FFE00B316F9 /* SwipeTableViewController.swift in Sources */,
				FFF6422D21AD079700B316F9 /* Category.swift in Sources */,
			);
			runOnlyForDeploymentPostprocessing = 0;
		};
/* End PBXSourcesBuildPhase section */

/* Begin PBXVariantGroup section */
		FFF641EE21AB05B200B316F9 /* Main.storyboard */ = {
			isa = PBXVariantGroup;
			children = (
				FFF641EF21AB05B200B316F9 /* Base */,
			);
			name = Main.storyboard;
			sourceTree = "<group>";
		};
		FFF641F321AB05B300B316F9 /* LaunchScreen.storyboard */ = {
			isa = PBXVariantGroup;
			children = (
				FFF641F421AB05B300B316F9 /* Base */,
			);
			name = LaunchScreen.storyboard;
			sourceTree = "<group>";
		};
/* End PBXVariantGroup section */

/* Begin XCBuildConfiguration section */
		FFF641F721AB05B300B316F9 /* Debug */ = {
			isa = XCBuildConfiguration;
			buildSettings = {
				ALWAYS_SEARCH_USER_PATHS = NO;
				CLANG_ANALYZER_NONNULL = YES;
				CLANG_ANALYZER_NUMBER_OBJECT_CONVERSION = YES_AGGRESSIVE;
				CLANG_CXX_LANGUAGE_STANDARD = "gnu++14";
				CLANG_CXX_LIBRARY = "libc++";
				CLANG_ENABLE_MODULES = YES;
				CLANG_ENABLE_OBJC_ARC = YES;
				CLANG_ENABLE_OBJC_WEAK = YES;
				CLANG_WARN_BLOCK_CAPTURE_AUTORELEASING = YES;
				CLANG_WARN_BOOL_CONVERSION = YES;
				CLANG_WARN_COMMA = YES;
				CLANG_WARN_CONSTANT_CONVERSION = YES;
				CLANG_WARN_DEPRECATED_OBJC_IMPLEMENTATIONS = YES;
				CLANG_WARN_DIRECT_OBJC_ISA_USAGE = YES_ERROR;
				CLANG_WARN_DOCUMENTATION_COMMENTS = YES;
				CLANG_WARN_EMPTY_BODY = YES;
				CLANG_WARN_ENUM_CONVERSION = YES;
				CLANG_WARN_INFINITE_RECURSION = YES;
				CLANG_WARN_INT_CONVERSION = YES;
				CLANG_WARN_NON_LITERAL_NULL_CONVERSION = YES;
				CLANG_WARN_OBJC_IMPLICIT_RETAIN_SELF = YES;
				CLANG_WARN_OBJC_LITERAL_CONVERSION = YES;
				CLANG_WARN_OBJC_ROOT_CLASS = YES_ERROR;
				CLANG_WARN_RANGE_LOOP_ANALYSIS = YES;
				CLANG_WARN_STRICT_PROTOTYPES = YES;
				CLANG_WARN_SUSPICIOUS_MOVE = YES;
				CLANG_WARN_UNGUARDED_AVAILABILITY = YES_AGGRESSIVE;
				CLANG_WARN_UNREACHABLE_CODE = YES;
				CLANG_WARN__DUPLICATE_METHOD_MATCH = YES;
				CODE_SIGN_IDENTITY = "iPhone Developer";
				COPY_PHASE_STRIP = NO;
				DEBUG_INFORMATION_FORMAT = dwarf;
				ENABLE_STRICT_OBJC_MSGSEND = YES;
				ENABLE_TESTABILITY = YES;
				GCC_C_LANGUAGE_STANDARD = gnu11;
				GCC_DYNAMIC_NO_PIC = NO;
				GCC_NO_COMMON_BLOCKS = YES;
				GCC_OPTIMIZATION_LEVEL = 0;
				GCC_PREPROCESSOR_DEFINITIONS = (
					"DEBUG=1",
					"$(inherited)",
				);
				GCC_WARN_64_TO_32_BIT_CONVERSION = YES;
				GCC_WARN_ABOUT_RETURN_TYPE = YES_ERROR;
				GCC_WARN_UNDECLARED_SELECTOR = YES;
				GCC_WARN_UNINITIALIZED_AUTOS = YES_AGGRESSIVE;
				GCC_WARN_UNUSED_FUNCTION = YES;
				GCC_WARN_UNUSED_VARIABLE = YES;
				IPHONEOS_DEPLOYMENT_TARGET = 12.1;
				MTL_ENABLE_DEBUG_INFO = INCLUDE_SOURCE;
				MTL_FAST_MATH = YES;
				ONLY_ACTIVE_ARCH = YES;
				SDKROOT = iphoneos;
				SWIFT_ACTIVE_COMPILATION_CONDITIONS = DEBUG;
				SWIFT_OPTIMIZATION_LEVEL = "-Onone";
			};
			name = Debug;
		};
		FFF641F821AB05B300B316F9 /* Release */ = {
			isa = XCBuildConfiguration;
			buildSettings = {
				ALWAYS_SEARCH_USER_PATHS = NO;
				CLANG_ANALYZER_NONNULL = YES;
				CLANG_ANALYZER_NUMBER_OBJECT_CONVERSION = YES_AGGRESSIVE;
				CLANG_CXX_LANGUAGE_STANDARD = "gnu++14";
				CLANG_CXX_LIBRARY = "libc++";
				CLANG_ENABLE_MODULES = YES;
				CLANG_ENABLE_OBJC_ARC = YES;
				CLANG_ENABLE_OBJC_WEAK = YES;
				CLANG_WARN_BLOCK_CAPTURE_AUTORELEASING = YES;
				CLANG_WARN_BOOL_CONVERSION = YES;
				CLANG_WARN_COMMA = YES;
				CLANG_WARN_CONSTANT_CONVERSION = YES;
				CLANG_WARN_DEPRECATED_OBJC_IMPLEMENTATIONS = YES;
				CLANG_WARN_DIRECT_OBJC_ISA_USAGE = YES_ERROR;
				CLANG_WARN_DOCUMENTATION_COMMENTS = YES;
				CLANG_WARN_EMPTY_BODY = YES;
				CLANG_WARN_ENUM_CONVERSION = YES;
				CLANG_WARN_INFINITE_RECURSION = YES;
				CLANG_WARN_INT_CONVERSION = YES;
				CLANG_WARN_NON_LITERAL_NULL_CONVERSION = YES;
				CLANG_WARN_OBJC_IMPLICIT_RETAIN_SELF = YES;
				CLANG_WARN_OBJC_LITERAL_CONVERSION = YES;
				CLANG_WARN_OBJC_ROOT_CLASS = YES_ERROR;
				CLANG_WARN_RANGE_LOOP_ANALYSIS = YES;
				CLANG_WARN_STRICT_PROTOTYPES = YES;
				CLANG_WARN_SUSPICIOUS_MOVE = YES;
				CLANG_WARN_UNGUARDED_AVAILABILITY = YES_AGGRESSIVE;
				CLANG_WARN_UNREACHABLE_CODE = YES;
				CLANG_WARN__DUPLICATE_METHOD_MATCH = YES;
				CODE_SIGN_IDENTITY = "iPhone Developer";
				COPY_PHASE_STRIP = NO;
				DEBUG_INFORMATION_FORMAT = "dwarf-with-dsym";
				ENABLE_NS_ASSERTIONS = NO;
				ENABLE_STRICT_OBJC_MSGSEND = YES;
				GCC_C_LANGUAGE_STANDARD = gnu11;
				GCC_NO_COMMON_BLOCKS = YES;
				GCC_WARN_64_TO_32_BIT_CONVERSION = YES;
				GCC_WARN_ABOUT_RETURN_TYPE = YES_ERROR;
				GCC_WARN_UNDECLARED_SELECTOR = YES;
				GCC_WARN_UNINITIALIZED_AUTOS = YES_AGGRESSIVE;
				GCC_WARN_UNUSED_FUNCTION = YES;
				GCC_WARN_UNUSED_VARIABLE = YES;
				IPHONEOS_DEPLOYMENT_TARGET = 12.1;
				MTL_ENABLE_DEBUG_INFO = NO;
				MTL_FAST_MATH = YES;
				SDKROOT = iphoneos;
				SWIFT_COMPILATION_MODE = wholemodule;
				SWIFT_OPTIMIZATION_LEVEL = "-O";
				VALIDATE_PRODUCT = YES;
			};
			name = Release;
		};
		FFF641FA21AB05B300B316F9 /* Debug */ = {
			isa = XCBuildConfiguration;
			baseConfigurationReference = 461A3E05177C2EF585D8996E /* Pods-Swift-Todo.debug.xcconfig */;
			buildSettings = {
				ASSETCATALOG_COMPILER_APPICON_NAME = AppIcon;
				CODE_SIGN_STYLE = Automatic;
				DEVELOPMENT_TEAM = 4C76Q7PD22;
				INFOPLIST_FILE = "Swift-Todo/Info.plist";
				LD_RUNPATH_SEARCH_PATHS = (
					"$(inherited)",
					"@executable_path/Frameworks",
				);
				PRODUCT_BUNDLE_IDENTIFIER = campos.swift.tutorials.Destini;
				PRODUCT_NAME = "$(TARGET_NAME)";
				SWIFT_VERSION = 4.2;
				TARGETED_DEVICE_FAMILY = "1,2";
			};
			name = Debug;
		};
		FFF641FB21AB05B300B316F9 /* Release */ = {
			isa = XCBuildConfiguration;
			baseConfigurationReference = 6C421A2AA6B281F1729A86ED /* Pods-Swift-Todo.release.xcconfig */;
			buildSettings = {
				ASSETCATALOG_COMPILER_APPICON_NAME = AppIcon;
				CODE_SIGN_STYLE = Automatic;
				DEVELOPMENT_TEAM = 4C76Q7PD22;
				INFOPLIST_FILE = "Swift-Todo/Info.plist";
				LD_RUNPATH_SEARCH_PATHS = (
					"$(inherited)",
					"@executable_path/Frameworks",
				);
				PRODUCT_BUNDLE_IDENTIFIER = campos.swift.tutorials.Destini;
				PRODUCT_NAME = "$(TARGET_NAME)";
				SWIFT_VERSION = 4.2;
				TARGETED_DEVICE_FAMILY = "1,2";
			};
			name = Release;
		};
/* End XCBuildConfiguration section */

/* Begin XCConfigurationList section */
		FFF641E221AB05B100B316F9 /* Build configuration list for PBXProject "Swift-Todo" */ = {
			isa = XCConfigurationList;
			buildConfigurations = (
				FFF641F721AB05B300B316F9 /* Debug */,
				FFF641F821AB05B300B316F9 /* Release */,
			);
			defaultConfigurationIsVisible = 0;
			defaultConfigurationName = Release;
		};
		FFF641F921AB05B300B316F9 /* Build configuration list for PBXNativeTarget "Swift-Todo" */ = {
			isa = XCConfigurationList;
			buildConfigurations = (
				FFF641FA21AB05B300B316F9 /* Debug */,
				FFF641FB21AB05B300B316F9 /* Release */,
			);
			defaultConfigurationIsVisible = 0;
			defaultConfigurationName = Release;
		};
/* End XCConfigurationList section */
	};
	rootObject = FFF641DF21AB05B100B316F9 /* Project object */;
}
